
Microsoft Visual Studio Solution File, Format Version 11.00
# Visual Studio 2010
Project("{FAE04EC0-301F-11D3-BF4B-00C04F79EFBC}") = "xNet", "fsdfsd.csproj", "{494326B9-53BE-4E68-A6FB-D8D550E9E1FC}"
EndProject
Global
	GlobalSection(SolutionConfigurationPlatforms) = preSolution
		Debug|Any CPU = Debug|Any CPU
		Release|Any CPU = Release|Any CPU
	EndGlobalSection
	GlobalSection(ProjectConfigurationPlatforms) = postSolution
		{494326B9-53BE-4E68-A6FB-D8D550E9E1FC}.Debug|Any CPU.ActiveCfg = Debug|Any CPU
		{494326B9-53BE-4E68-A6FB-D8D550E9E1FC}.Debug|Any CPU.Build.0 = Debug|Any CPU
		{494326B9-53BE-4E68-A6FB-D8D550E9E1FC}.Release|Any CPU.ActiveCfg = Release|Any CPU
		{494326B9-53BE-4E68-A6FB-D8D550E9E1FC}.Release|Any CPU.Build.0 = Release|Any CPU
	EndGlobalSection
	GlobalSection(SolutionProperties) = preSolution
		HideSolutionNode = FALSE
	EndGlobalSection
EndGlobal
